
Microsoft Visual Studio Solution File, Format Version 12.00
# Visual Studio Version 17
VisualStudioVersion = 17.10.35013.160
MinimumVisualStudioVersion = 10.0.40219.1
Project("{9A19103F-16F7-4668-BE54-9A1E7A4F7556}") = "MyShop", "MyShop\MyShop.csproj", "{C5032059-1B69-481F-8B4D-8E07B932AC24}"
EndProject
Project("{FAE04EC0-301F-11D3-BF4B-00C04F79EFBC}") = "Entities", "Entity\Entities.csproj", "{FE476385-1C6E-4495-8D83-C691B8B4E084}"
EndProject
Project("{FAE04EC0-301F-11D3-BF4B-00C04F79EFBC}") = "Reposetories", "Repositories\Reposetories.csproj", "{B568952C-1846-4B3F-A85D-678D21F446A5}"
EndProject
Project("{FAE04EC0-301F-11D3-BF4B-00C04F79EFBC}") = "Servicess", "Servicess\Servicess.csproj", "{8DB3E431-7123-4AE0-B7C9-A6AF30146F8E}"
EndProject
Global
	GlobalSection(SolutionConfigurationPlatforms) = preSolution
		Debug|Any CPU = Debug|Any CPU
		Release|Any CPU = Release|Any CPU
	EndGlobalSection
	GlobalSection(ProjectConfigurationPlatforms) = postSolution
		{C5032059-1B69-481F-8B4D-8E07B932AC24}.Debug|Any CPU.ActiveCfg = Debug|Any CPU
		{C5032059-1B69-481F-8B4D-8E07B932AC24}.Debug|Any CPU.Build.0 = Debug|Any CPU
		{C5032059-1B69-481F-8B4D-8E07B932AC24}.Release|Any CPU.ActiveCfg = Release|Any CPU
		{C5032059-1B69-481F-8B4D-8E07B932AC24}.Release|Any CPU.Build.0 = Release|Any CPU
		{FE476385-1C6E-4495-8D83-C691B8B4E084}.Debug|Any CPU.ActiveCfg = Debug|Any CPU
		{FE476385-1C6E-4495-8D83-C691B8B4E084}.Debug|Any CPU.Build.0 = Debug|Any CPU
		{FE476385-1C6E-4495-8D83-C691B8B4E084}.Release|Any CPU.ActiveCfg = Release|Any CPU
		{FE476385-1C6E-4495-8D83-C691B8B4E084}.Release|Any CPU.Build.0 = Release|Any CPU
		{B568952C-1846-4B3F-A85D-678D21F446A5}.Debug|Any CPU.ActiveCfg = Debug|Any CPU
		{B568952C-1846-4B3F-A85D-678D21F446A5}.Debug|Any CPU.Build.0 = Debug|Any CPU
		{B568952C-1846-4B3F-A85D-678D21F446A5}.Release|Any CPU.ActiveCfg = Release|Any CPU
		{B568952C-1846-4B3F-A85D-678D21F446A5}.Release|Any CPU.Build.0 = Release|Any CPU
		{8DB3E431-7123-4AE0-B7C9-A6AF30146F8E}.Debug|Any CPU.ActiveCfg = Debug|Any CPU
		{8DB3E431-7123-4AE0-B7C9-A6AF30146F8E}.Debug|Any CPU.Build.0 = Debug|Any CPU
		{8DB3E431-7123-4AE0-B7C9-A6AF30146F8E}.Release|Any CPU.ActiveCfg = Release|Any CPU
		{8DB3E431-7123-4AE0-B7C9-A6AF30146F8E}.Release|Any CPU.Build.0 = Release|Any CPU
	EndGlobalSection
	GlobalSection(SolutionProperties) = preSolution
		HideSolutionNode = FALSE
	EndGlobalSection
	GlobalSection(ExtensibilityGlobals) = postSolution
		SolutionGuid = {18768D39-F8F9-43C8-9FFF-6B5801E08E10}
	EndGlobalSection
EndGlobal
